
Microsoft Visual Studio Solution File, Format Version 12.00
# Visual Studio Version 17
VisualStudioVersion = 17.13.35825.156 d17.13
MinimumVisualStudioVersion = 10.0.40219.1
Project("{FAE04EC0-301F-11D3-BF4B-00C04F79EFBC}") = "C2", "C2\C2.csproj", "{EFAEFC57-46CA-4358-B7C7-5DA110409FA7}"
EndProject
Global
	GlobalSection(SolutionConfigurationPlatforms) = preSolution
		Debug|Any CPU = Debug|Any CPU
		Release|Any CPU = Release|Any CPU
	EndGlobalSection
	GlobalSection(ProjectConfigurationPlatforms) = postSolution
		{EFAEFC57-46CA-4358-B7C7-5DA110409FA7}.Debug|Any CPU.ActiveCfg = Debug|Any CPU
		{EFAEFC57-46CA-4358-B7C7-5DA110409FA7}.Debug|Any CPU.Build.0 = Debug|Any CPU
		{EFAEFC57-46CA-4358-B7C7-5DA110409FA7}.Release|Any CPU.ActiveCfg = Release|Any CPU
		{EFAEFC57-46CA-4358-B7C7-5DA110409FA7}.Release|Any CPU.Build.0 = Release|Any CPU
	EndGlobalSection
	GlobalSection(SolutionProperties) = preSolution
		HideSolutionNode = FALSE
	EndGlobalSection
	GlobalSection(ExtensibilityGlobals) = postSolution
		SolutionGuid = {5644A523-6891-4E96-A962-100D08EA68C0}
	EndGlobalSection
EndGlobal
